
Microsoft Visual Studio Solution File, Format Version 12.00
# Visual Studio Version 16
VisualStudioVersion = 16.0.31605.320
MinimumVisualStudioVersion = 10.0.40219.1
Project("{FAE04EC0-301F-11D3-BF4B-00C04F79EFBC}") = "PortWebSocketServer", "PortWebSocketServer\PortWebSocketServer.csproj", "{FEE8F0AB-63D4-45E2-B6B9-D87F039A28CD}"
EndProject
Global
	GlobalSection(SolutionConfigurationPlatforms) = preSolution
		Debug|Any CPU = Debug|Any CPU
		Release|Any CPU = Release|Any CPU
	EndGlobalSection
	GlobalSection(ProjectConfigurationPlatforms) = postSolution
		{FEE8F0AB-63D4-45E2-B6B9-D87F039A28CD}.Debug|Any CPU.ActiveCfg = Debug|Any CPU
		{FEE8F0AB-63D4-45E2-B6B9-D87F039A28CD}.Debug|Any CPU.Build.0 = Debug|Any CPU
		{FEE8F0AB-63D4-45E2-B6B9-D87F039A28CD}.Release|Any CPU.ActiveCfg = Release|Any CPU
		{FEE8F0AB-63D4-45E2-B6B9-D87F039A28CD}.Release|Any CPU.Build.0 = Release|Any CPU
	EndGlobalSection
	GlobalSection(SolutionProperties) = preSolution
		HideSolutionNode = FALSE
	EndGlobalSection
	GlobalSection(ExtensibilityGlobals) = postSolution
		SolutionGuid = {CC70BD75-90BC-41A5-AC5C-1068A8B1EE26}
	EndGlobalSection
EndGlobal
